Microsoft Visual Studio Solution File, Format Version 12.00
# Visual Studio Version 17
VisualStudioVersion = 17.5.2.0
MinimumVisualStudioVersion = 10.0.40219.1
Project("{FAE04EC0-301F-11D3-BF4B-00C04F79EFBC}") = "ImagingUtility", "ImagingUtility.csproj", "{65000AD4-4F74-4CD0-BE8E-2095DA887342}"
EndProject
Global
	GlobalSection(SolutionConfigurationPlatforms) = preSolution
		Debug|Any CPU = Debug|Any CPU
		Release|Any CPU = Release|Any CPU
	EndGlobalSection
	GlobalSection(ProjectConfigurationPlatforms) = postSolution
		{65000AD4-4F74-4CD0-BE8E-2095DA887342}.Debug|Any CPU.ActiveCfg = Debug|Any CPU
		{65000AD4-4F74-4CD0-BE8E-2095DA887342}.Debug|Any CPU.Build.0 = Debug|Any CPU
		{65000AD4-4F74-4CD0-BE8E-2095DA887342}.Release|Any CPU.ActiveCfg = Release|Any CPU
		{65000AD4-4F74-4CD0-BE8E-2095DA887342}.Release|Any CPU.Build.0 = Release|Any CPU
	EndGlobalSection
	GlobalSection(SolutionProperties) = preSolution
		HideSolutionNode = FALSE
	EndGlobalSection
	GlobalSection(ExtensibilityGlobals) = postSolution
		SolutionGuid = {6BE76438-E230-4205-AB61-B172123EC4CF}
	EndGlobalSection
EndGlobal
